
Microsoft Visual Studio Solution File, Format Version 12.00
# Visual Studio 15
Project("{FAE04EC0-301F-11D3-BF4B-00C04F79EFBC}") = "Zenject", "Zenject.csproj", "{1DA37E80-3F4E-41D8-2D82-4D5F70C3521C}"
EndProject
Project("{FAE04EC0-301F-11D3-BF4B-00C04F79EFBC}") = "Zenject-UnitTests-Editor", "Zenject-UnitTests-Editor.csproj", "{2F4ACCD0-C2C8-F35F-3AD3-133630AD4782}"
EndProject
Project("{FAE04EC0-301F-11D3-BF4B-00C04F79EFBC}") = "Zenject-IntegrationTests", "Zenject-IntegrationTests.csproj", "{5446C2DD-A3CA-BE10-02B8-C8DD0901B37F}"
EndProject
Project("{FAE04EC0-301F-11D3-BF4B-00C04F79EFBC}") = "Zenject-IntegrationTests-Editor", "Zenject-IntegrationTests-Editor.csproj", "{611E3D4C-3F4F-68D1-1F46-504EE70E8963}"
EndProject
Project("{FAE04EC0-301F-11D3-BF4B-00C04F79EFBC}") = "Zenject-ReflectionBaking-Editor", "Zenject-ReflectionBaking-Editor.csproj", "{B83BC35D-9FCA-93C3-A89E-B0A15F7E09B3}"
EndProject
Project("{FAE04EC0-301F-11D3-BF4B-00C04F79EFBC}") = "Assembly-CSharp", "Assembly-CSharp.csproj", "{A508A39F-D421-2839-AA51-816C0AC2CE7A}"
EndProject
Project("{FAE04EC0-301F-11D3-BF4B-00C04F79EFBC}") = "Zenject-Editor", "Zenject-Editor.csproj", "{8DF8E35E-9C69-B00E-CB77-A4398E8CADD6}"
EndProject
Project("{FAE04EC0-301F-11D3-BF4B-00C04F79EFBC}") = "Zenject-TestFramework", "Zenject-TestFramework.csproj", "{60E8CFED-9D0E-67C7-3452-55ACA5A3B2FA}"
EndProject
Project("{FAE04EC0-301F-11D3-BF4B-00C04F79EFBC}") = "Zenject-PoolMonitor-Editor", "Zenject-PoolMonitor-Editor.csproj", "{D34ED1B1-F692-E133-51AC-92C7BBF58D2D}"
EndProject
Global
	GlobalSection(SolutionConfigurationPlatforms) = preSolution
		Debug|Any CPU = Debug|Any CPU
		Release|Any CPU = Release|Any CPU
	EndGlobalSection
	GlobalSection(ProjectConfigurationPlatforms) = postSolution
		{1DA37E80-3F4E-41D8-2D82-4D5F70C3521C}.Debug|Any CPU.ActiveCfg = Debug|Any CPU
		{1DA37E80-3F4E-41D8-2D82-4D5F70C3521C}.Debug|Any CPU.Build.0 = Debug|Any CPU
		{1DA37E80-3F4E-41D8-2D82-4D5F70C3521C}.Release|Any CPU.ActiveCfg = Release|Any CPU
		{1DA37E80-3F4E-41D8-2D82-4D5F70C3521C}.Release|Any CPU.Build.0 = Release|Any CPU
		{2F4ACCD0-C2C8-F35F-3AD3-133630AD4782}.Debug|Any CPU.ActiveCfg = Debug|Any CPU
		{2F4ACCD0-C2C8-F35F-3AD3-133630AD4782}.Debug|Any CPU.Build.0 = Debug|Any CPU
		{2F4ACCD0-C2C8-F35F-3AD3-133630AD4782}.Release|Any CPU.ActiveCfg = Release|Any CPU
		{2F4ACCD0-C2C8-F35F-3AD3-133630AD4782}.Release|Any CPU.Build.0 = Release|Any CPU
		{5446C2DD-A3CA-BE10-02B8-C8DD0901B37F}.Debug|Any CPU.ActiveCfg = Debug|Any CPU
		{5446C2DD-A3CA-BE10-02B8-C8DD0901B37F}.Debug|Any CPU.Build.0 = Debug|Any CPU
		{5446C2DD-A3CA-BE10-02B8-C8DD0901B37F}.Release|Any CPU.ActiveCfg = Release|Any CPU
		{5446C2DD-A3CA-BE10-02B8-C8DD0901B37F}.Release|Any CPU.Build.0 = Release|Any CPU
		{611E3D4C-3F4F-68D1-1F46-504EE70E8963}.Debug|Any CPU.ActiveCfg = Debug|Any CPU
		{611E3D4C-3F4F-68D1-1F46-504EE70E8963}.Debug|Any CPU.Build.0 = Debug|Any CPU
		{611E3D4C-3F4F-68D1-1F46-504EE70E8963}.Release|Any CPU.ActiveCfg = Release|Any CPU
		{611E3D4C-3F4F-68D1-1F46-504EE70E8963}.Release|Any CPU.Build.0 = Release|Any CPU
		{B83BC35D-9FCA-93C3-A89E-B0A15F7E09B3}.Debug|Any CPU.ActiveCfg = Debug|Any CPU
		{B83BC35D-9FCA-93C3-A89E-B0A15F7E09B3}.Debug|Any CPU.Build.0 = Debug|Any CPU
		{B83BC35D-9FCA-93C3-A89E-B0A15F7E09B3}.Release|Any CPU.ActiveCfg = Release|Any CPU
		{B83BC35D-9FCA-93C3-A89E-B0A15F7E09B3}.Release|Any CPU.Build.0 = Release|Any CPU
		{A508A39F-D421-2839-AA51-816C0AC2CE7A}.Debug|Any CPU.ActiveCfg = Debug|Any CPU
		{A508A39F-D421-2839-AA51-816C0AC2CE7A}.Debug|Any CPU.Build.0 = Debug|Any CPU
		{A508A39F-D421-2839-AA51-816C0AC2CE7A}.Release|Any CPU.ActiveCfg = Release|Any CPU
		{A508A39F-D421-2839-AA51-816C0AC2CE7A}.Release|Any CPU.Build.0 = Release|Any CPU
		{8DF8E35E-9C69-B00E-CB77-A4398E8CADD6}.Debug|Any CPU.ActiveCfg = Debug|Any CPU
		{8DF8E35E-9C69-B00E-CB77-A4398E8CADD6}.Debug|Any CPU.Build.0 = Debug|Any CPU
		{8DF8E35E-9C69-B00E-CB77-A4398E8CADD6}.Release|Any CPU.ActiveCfg = Release|Any CPU
		{8DF8E35E-9C69-B00E-CB77-A4398E8CADD6}.Release|Any CPU.Build.0 = Release|Any CPU
		{60E8CFED-9D0E-67C7-3452-55ACA5A3B2FA}.Debug|Any CPU.ActiveCfg = Debug|Any CPU
		{60E8CFED-9D0E-67C7-3452-55ACA5A3B2FA}.Debug|Any CPU.Build.0 = Debug|Any CPU
		{60E8CFED-9D0E-67C7-3452-55ACA5A3B2FA}.Release|Any CPU.ActiveCfg = Release|Any CPU
		{60E8CFED-9D0E-67C7-3452-55ACA5A3B2FA}.Release|Any CPU.Build.0 = Release|Any CPU
		{D34ED1B1-F692-E133-51AC-92C7BBF58D2D}.Debug|Any CPU.ActiveCfg = Debug|Any CPU
		{D34ED1B1-F692-E133-51AC-92C7BBF58D2D}.Debug|Any CPU.Build.0 = Debug|Any CPU
		{D34ED1B1-F692-E133-51AC-92C7BBF58D2D}.Release|Any CPU.ActiveCfg = Release|Any CPU
		{D34ED1B1-F692-E133-51AC-92C7BBF58D2D}.Release|Any CPU.Build.0 = Release|Any CPU
	EndGlobalSection
	GlobalSection(SolutionProperties) = preSolution
		HideSolutionNode = FALSE
	EndGlobalSection
EndGlobal
